
Microsoft Visual Studio Solution File, Format Version 12.00
# Visual Studio Version 17
VisualStudioVersion = 17.3.32804.467
MinimumVisualStudioVersion = 10.0.40219.1
Project("{9A19103F-16F7-4668-BE54-9A1E7A4F7556}") = "Dungeon", "Dungeon\Dungeon.csproj", "{A080D254-D6AB-4273-A51B-6235E19F278D}"
EndProject
Project("{FAE04EC0-301F-11D3-BF4B-00C04F79EFBC}") = "DungeonLibrary", "DungeonLibrary\DungeonLibrary.csproj", "{BC2E555F-CBF7-427F-B521-42E8E575C75F}"
EndProject
Global
	GlobalSection(SolutionConfigurationPlatforms) = preSolution
		Debug|Any CPU = Debug|Any CPU
		Release|Any CPU = Release|Any CPU
	EndGlobalSection
	GlobalSection(ProjectConfigurationPlatforms) = postSolution
		{A080D254-D6AB-4273-A51B-6235E19F278D}.Debug|Any CPU.ActiveCfg = Debug|Any CPU
		{A080D254-D6AB-4273-A51B-6235E19F278D}.Debug|Any CPU.Build.0 = Debug|Any CPU
		{A080D254-D6AB-4273-A51B-6235E19F278D}.Release|Any CPU.ActiveCfg = Release|Any CPU
		{A080D254-D6AB-4273-A51B-6235E19F278D}.Release|Any CPU.Build.0 = Release|Any CPU
		{BC2E555F-CBF7-427F-B521-42E8E575C75F}.Debug|Any CPU.ActiveCfg = Debug|Any CPU
		{BC2E555F-CBF7-427F-B521-42E8E575C75F}.Debug|Any CPU.Build.0 = Debug|Any CPU
		{BC2E555F-CBF7-427F-B521-42E8E575C75F}.Release|Any CPU.ActiveCfg = Release|Any CPU
		{BC2E555F-CBF7-427F-B521-42E8E575C75F}.Release|Any CPU.Build.0 = Release|Any CPU
	EndGlobalSection
	GlobalSection(SolutionProperties) = preSolution
		HideSolutionNode = FALSE
	EndGlobalSection
	GlobalSection(ExtensibilityGlobals) = postSolution
		SolutionGuid = {4BD30C7E-AB42-42BD-87B1-0E567C753B75}
	EndGlobalSection
EndGlobal
